speakeasyVersion: 1.762.0
sources:
    latest:
        sourceNamespace: api-v2025.07.00
        sourceRevisionDigest: sha256:87da6ddb7618bc7df540d04e4183b275793b29f1975307a7a52cf33abc9fb0c5
        sourceBlobDigest: sha256:5242769c3a89bf1ee256bfd77162486c08f944dbaac3e07993b43c102a1a223b
        tags:
            - latest
targets:
    moov:
        source: latest
        sourceNamespace: api-v2025.07.00
        sourceRevisionDigest: sha256:87da6ddb7618bc7df540d04e4183b275793b29f1975307a7a52cf33abc9fb0c5
        sourceBlobDigest: sha256:5242769c3a89bf1ee256bfd77162486c08f944dbaac3e07993b43c102a1a223b
        codeSamplesNamespace: v2025.07.00-ruby-code-samples
        codeSamplesRevisionDigest: sha256:34e7511ef213b7e427a2afb09a0e3346a8827a187b12708a8dbddda291a7f68b
workflow:
    workflowVersion: 1.0.0
    speakeasyVersion: latest
    sources:
        latest:
            inputs:
                - location: registry.speakeasyapi.dev/moov/moov/api-v2025.07.00
            registry:
                location: registry.speakeasyapi.dev/moov/moov/ruby-v2025.07.00
    targets:
        moov:
            target: ruby
            source: latest
            publish:
                rubygems:
                    token: $rubygems_auth_token
            codeSamples:
                registry:
                    location: registry.speakeasyapi.dev/moov/moov/v2025.07.00-ruby-code-samples
                labelOverride:
                    fixedValue: Ruby (SDK)
                blocking: false
