speakeasyVersion: 1.703.0
sources:
    latest:
        sourceNamespace: api-v2026.04.00
        sourceRevisionDigest: sha256:f50acf82710e3b64e9453384fadda861b75fe4b2b17d79fda196ba33a1c63d54
        sourceBlobDigest: sha256:3fc4648276293d5db40799a60d472522aa9f8945a822763651f7e745d842d7b2
        tags:
            - latest
            - speakeasy-sdk-regen-versions-2026.04-1770230704
targets:
    moov:
        source: latest
        sourceNamespace: api-v2026.04.00
        sourceRevisionDigest: sha256:f50acf82710e3b64e9453384fadda861b75fe4b2b17d79fda196ba33a1c63d54
        sourceBlobDigest: sha256:3fc4648276293d5db40799a60d472522aa9f8945a822763651f7e745d842d7b2
        codeSamplesNamespace: v2026.04.00-ruby-code-samples
        codeSamplesRevisionDigest: sha256:ad0c1a1c5dafeb039ca1d2340879ef8d2b54ce30ac5ff872f12c0184fb63b702
workflow:
    workflowVersion: 1.0.0
    speakeasyVersion: latest
    sources:
        latest:
            inputs:
                - location: registry.speakeasyapi.dev/moov/moov/api-v2026.04.00
            registry:
                location: registry.speakeasyapi.dev/moov/moov/ruby-v2026.04.00
    targets:
        moov:
            target: ruby
            source: latest
            publish:
                rubygems:
                    token: $rubygems_auth_token
            codeSamples:
                registry:
                    location: registry.speakeasyapi.dev/moov/moov/v2026.04.00-ruby-code-samples
                labelOverride:
                    fixedValue: Ruby (SDK)
                blocking: false
