speakeasyVersion: 1.791.0
sources:
    latest:
        sourceNamespace: api-dev
        sourceRevisionDigest: sha256:d939c672d54b81d5217095894ae301dd7d2addef87b520801a83a33e35136e76
        sourceBlobDigest: sha256:a98b0312439d78a5ad33ac98aa3fed21a61777c203974aae12b51af20e6ad1a1
        tags:
            - latest
targets:
    moov:
        source: latest
        sourceNamespace: api-dev
        sourceRevisionDigest: sha256:d939c672d54b81d5217095894ae301dd7d2addef87b520801a83a33e35136e76
        sourceBlobDigest: sha256:a98b0312439d78a5ad33ac98aa3fed21a61777c203974aae12b51af20e6ad1a1
        codeSamplesNamespace: dev-ruby-code-samples
        codeSamplesRevisionDigest: sha256:1c61419006b1dfec54c2dc06eff9d54f1e70ee713102fe9414f9e9fd48e62691
workflow:
    workflowVersion: 1.0.0
    speakeasyVersion: latest
    sources:
        latest:
            inputs:
                - location: registry.speakeasyapi.dev/moov/moov/api-dev
            registry:
                location: registry.speakeasyapi.dev/moov/moov/ruby-dev
    targets:
        moov:
            target: ruby
            source: latest
            publish:
                rubygems:
                    token: $rubygems_auth_token
            codeSamples:
                registry:
                    location: registry.speakeasyapi.dev/moov/moov/dev-ruby-code-samples
                labelOverride:
                    fixedValue: Ruby (SDK)
                blocking: false
